// !$*UTF8*$!
{
	archiveVersion = 1;
	classes = {
	};
	objectVersion = 46;
	objects = {

/* Begin PBXBuildFile section */
		61FA574F34DF22FB401E4A05 /* Pods_ios_gameTests.framework in Frameworks */ = {isa = PBXBuildFile; fileRef = 249FF4985AD4838495F41C88 /* Pods_ios_gameTests.framework */; };
		A5F5145AB37D5F4667519BD3 /* Pods_ios_game.framework in Frameworks */ = {isa = PBXBuildFile; fileRef = 5E215619B734AEC0ACEC39AF /* Pods_ios_game.framework */; };
		B00903EF1F7099E10086F2B2 /* AppDelegate.swift in Sources */ = {isa = PBXBuildFile; fileRef = B00903EE1F7099E10086F2B2 /* AppDelegate.swift */; };
		B00903F41F7099E10086F2B2 /* Main.storyboard in Resources */ = {isa = PBXBuildFile; fileRef = B00903F21F7099E10086F2B2 /* Main.storyboard */; };
		B00903F71F7099E10086F2B2 /* ios_game.xcdatamodeld in Sources */ = {isa = PBXBuildFile; fileRef = B00903F51F7099E10086F2B2 /* ios_game.xcdatamodeld */; };
		B00903F91F7099E10086F2B2 /* Assets.xcassets in Resources */ = {isa = PBXBuildFile; fileRef = B00903F81F7099E10086F2B2 /* Assets.xcassets */; };
		B00903FC1F7099E20086F2B2 /* LaunchScreen.storyboard in Resources */ = {isa = PBXBuildFile; fileRef = B00903FA1F7099E20086F2B2 /* LaunchScreen.storyboard */; };
		B00904071F7099E20086F2B2 /* ios_gameTests.swift in Sources */ = {isa = PBXBuildFile; fileRef = B00904061F7099E20086F2B2 /* ios_gameTests.swift */; };
		B00904121F709BFA0086F2B2 /* GoogleService-Info.plist in Resources */ = {isa = PBXBuildFile; fileRef = B00904111F709BFA0086F2B2 /* GoogleService-Info.plist */; };
		B08BC6D51F70B10100A6EA1D /* LoginController.swift in Sources */ = {isa = PBXBuildFile; fileRef = B08BC6D41F70B10100A6EA1D /* LoginController.swift */; };
		B08BC6D71F70BB0700A6EA1D /* GamesListController.swift in Sources */ = {isa = PBXBuildFile; fileRef = B08BC6D61F70BB0700A6EA1D /* GamesListController.swift */; };
/* End PBXBuildFile section */

/* Begin PBXContainerItemProxy section */
		B00904031F7099E20086F2B2 /* PBXContainerItemProxy */ = {
			isa = PBXContainerItemProxy;
			containerPortal = B00903E31F7099E10086F2B2 /* Project object */;
			proxyType = 1;
			remoteGlobalIDString = B00903EA1F7099E10086F2B2;
			remoteInfo = "ios-game";
		};
/* End PBXContainerItemProxy section */

/* Begin PBXFileReference section */
		0BDE226FB1BCAF93016BD325 /* Pods-ios-gameTests.debug.xcconfig */ = {isa = PBXFileReference; includeInIndex = 1; lastKnownFileType = text.xcconfig; name = "Pods-ios-gameTests.debug.xcconfig"; path = "Pods/Target Support Files/Pods-ios-gameTests/Pods-ios-gameTests.debug.xcconfig"; sourceTree = "<group>"; };
		249C537A3928FBD661F9F4B8 /* Pods-ios-game.release.xcconfig */ = {isa = PBXFileReference; includeInIndex = 1; lastKnownFileType = text.xcconfig; name = "Pods-ios-game.release.xcconfig"; path = "Pods/Target Support Files/Pods-ios-game/Pods-ios-game.release.xcconfig"; sourceTree = "<group>"; };
		249FF4985AD4838495F41C88 /* Pods_ios_gameTests.framework */ = {isa = PBXFileReference; explicitFileType = wrapper.framework; includeInIndex = 0; path = Pods_ios_gameTests.framework; sourceTree = BUILT_PRODUCTS_DIR; };
		5E215619B734AEC0ACEC39AF /* Pods_ios_game.framework */ = {isa = PBXFileReference; explicitFileType = wrapper.framework; includeInIndex = 0; path = Pods_ios_game.framework; sourceTree = BUILT_PRODUCTS_DIR; };
		B00903EB1F7099E10086F2B2 /* ios-game.app */ = {isa = PBXFileReference; explicitFileType = wrapper.application; includeInIndex = 0; path = "ios-game.app"; sourceTree = BUILT_PRODUCTS_DIR; };
		B00903EE1F7099E10086F2B2 /* AppDelegate.swift */ = {isa = PBXFileReference; lastKnownFileType = sourcecode.swift; path = AppDelegate.swift; sourceTree = "<group>"; };
		B00903F31F7099E10086F2B2 /* Base */ = {isa = PBXFileReference; lastKnownFileType = file.storyboard; name = Base; path = Base.lproj/Main.storyboard; sourceTree = "<group>"; };
		B00903F61F7099E10086F2B2 /* ios_game.xcdatamodel */ = {isa = PBXFileReference; lastKnownFileType = wrapper.xcdatamodel; path = ios_game.xcdatamodel; sourceTree = "<group>"; };
		B00903F81F7099E10086F2B2 /* Assets.xcassets */ = {isa = PBXFileReference; lastKnownFileType = folder.assetcatalog; path = Assets.xcassets; sourceTree = "<group>"; };
		B00903FB1F7099E20086F2B2 /* Base */ = {isa = PBXFileReference; lastKnownFileType = file.storyboard; name = Base; path = Base.lproj/LaunchScreen.storyboard; sourceTree = "<group>"; };
		B00903FD1F7099E20086F2B2 /* Info.plist */ = {isa = PBXFileReference; lastKnownFileType = text.plist.xml; path = Info.plist; sourceTree = "<group>"; };
		B00904021F7099E20086F2B2 /* ios-gameTests.xctest */ = {isa = PBXFileReference; explicitFileType = wrapper.cfbundle; includeInIndex = 0; path = "ios-gameTests.xctest"; sourceTree = BUILT_PRODUCTS_DIR; };
		B00904061F7099E20086F2B2 /* ios_gameTests.swift */ = {isa = PBXFileReference; lastKnownFileType = sourcecode.swift; path = ios_gameTests.swift; sourceTree = "<group>"; };
		B00904081F7099E20086F2B2 /* Info.plist */ = {isa = PBXFileReference; lastKnownFileType = text.plist.xml; path = Info.plist; sourceTree = "<group>"; };
		B00904111F709BFA0086F2B2 /* GoogleService-Info.plist */ = {isa = PBXFileReference; fileEncoding = 4; lastKnownFileType = text.plist.xml; name = "GoogleService-Info.plist"; path = "../../../../../Downloads/GoogleService-Info.plist"; sourceTree = "<group>"; };
		B08BC6D41F70B10100A6EA1D /* LoginController.swift */ = {isa = PBXFileReference; fileEncoding = 4; lastKnownFileType = sourcecode.swift; path = LoginController.swift; sourceTree = "<group>"; };
		B08BC6D61F70BB0700A6EA1D /* GamesListController.swift */ = {isa = PBXFileReference; fileEncoding = 4; lastKnownFileType = sourcecode.swift; path = GamesListController.swift; sourceTree = "<group>"; };
		BD7D9E47C955596D85E24032 /* Pods-ios-gameTests.release.xcconfig */ = {isa = PBXFileReference; includeInIndex = 1; lastKnownFileType = text.xcconfig; name = "Pods-ios-gameTests.release.xcconfig"; path = "Pods/Target Support Files/Pods-ios-gameTests/Pods-ios-gameTests.release.xcconfig"; sourceTree = "<group>"; };
		CF84C4851CF4A49D847A86C8 /* Pods-ios-game.debug.xcconfig */ = {isa = PBXFileReference; includeInIndex = 1; lastKnownFileType = text.xcconfig; name = "Pods-ios-game.debug.xcconfig"; path = "Pods/Target Support Files/Pods-ios-game/Pods-ios-game.debug.xcconfig"; sourceTree = "<group>"; };
/* End PBXFileReference section */

/* Begin PBXFrameworksBuildPhase section */
		B00903E81F7099E10086F2B2 /* Frameworks */ = {
			isa = PBXFrameworksBuildPhase;
			buildActionMask = 2147483647;
			files = (
				A5F5145AB37D5F4667519BD3 /* Pods_ios_game.framework in Frameworks */,
			);
			runOnlyForDeploymentPostprocessing = 0;
		};
		B00903FF1F7099E20086F2B2 /* Frameworks */ = {
			isa = PBXFrameworksBuildPhase;
			buildActionMask = 2147483647;
			files = (
				61FA574F34DF22FB401E4A05 /* Pods_ios_gameTests.framework in Frameworks */,
			);
			runOnlyForDeploymentPostprocessing = 0;
		};
/* End PBXFrameworksBuildPhase section */

/* Begin PBXGroup section */
		0E1D5AA96C6F2A8D934DFE3E /* Pods */ = {
			isa = PBXGroup;
			children = (
				CF84C4851CF4A49D847A86C8 /* Pods-ios-game.debug.xcconfig */,
				249C537A3928FBD661F9F4B8 /* Pods-ios-game.release.xcconfig */,
				0BDE226FB1BCAF93016BD325 /* Pods-ios-gameTests.debug.xcconfig */,
				BD7D9E47C955596D85E24032 /* Pods-ios-gameTests.release.xcconfig */,
			);
			name = Pods;
			sourceTree = "<group>";
		};
		B00903E21F7099E10086F2B2 = {
			isa = PBXGroup;
			children = (
				B00903ED1F7099E10086F2B2 /* ios-game */,
				B00904051F7099E20086F2B2 /* ios-gameTests */,
				B00903EC1F7099E10086F2B2 /* Products */,
				0E1D5AA96C6F2A8D934DFE3E /* Pods */,
				E848B94C78103D67893F93F3 /* Frameworks */,
			);
			sourceTree = "<group>";
		};
		B00903EC1F7099E10086F2B2 /* Products */ = {
			isa = PBXGroup;
			children = (
				B00903EB1F7099E10086F2B2 /* ios-game.app */,
				B00904021F7099E20086F2B2 /* ios-gameTests.xctest */,
			);
			name = Products;
			sourceTree = "<group>";
		};
		B00903ED1F7099E10086F2B2 /* ios-game */ = {
			isa = PBXGroup;
			children = (
				B00903EE1F7099E10086F2B2 /* AppDelegate.swift */,
				B08BC6D41F70B10100A6EA1D /* LoginController.swift */,
				B08BC6D61F70BB0700A6EA1D /* GamesListController.swift */,
				B00903F21F7099E10086F2B2 /* Main.storyboard */,
				B00903F81F7099E10086F2B2 /* Assets.xcassets */,
				B00903FA1F7099E20086F2B2 /* LaunchScreen.storyboard */,
				B00904111F709BFA0086F2B2 /* GoogleService-Info.plist */,
				B00903FD1F7099E20086F2B2 /* Info.plist */,
				B00903F51F7099E10086F2B2 /* ios_game.xcdatamodeld */,
			);
			path = "ios-game";
			sourceTree = "<group>";
		};
		B00904051F7099E20086F2B2 /* ios-gameTests */ = {
			isa = PBXGroup;
			children = (
				B00904061F7099E20086F2B2 /* ios_gameTests.swift */,
				B00904081F7099E20086F2B2 /* Info.plist */,
			);
			path = "ios-gameTests";
			sourceTree = "<group>";
		};
		E848B94C78103D67893F93F3 /* Frameworks */ = {
			isa = PBXGroup;
			children = (
				5E215619B734AEC0ACEC39AF /* Pods_ios_game.framework */,
				249FF4985AD4838495F41C88 /* Pods_ios_gameTests.framework */,
			);
			name = Frameworks;
			sourceTree = "<group>";
		};
/* End PBXGroup section */

/* Begin PBXNativeTarget section */
		B00903EA1F7099E10086F2B2 /* ios-game */ = {
			isa = PBXNativeTarget;
			buildConfigurationList = B009040B1F7099E20086F2B2 /* Build configuration list for PBXNativeTarget "ios-game" */;
			buildPhases = (
				41E33D74BA31C1E5A07848F0 /* [CP] Check Pods Manifest.lock */,
				B00903E71F7099E10086F2B2 /* Sources */,
				B00903E81F7099E10086F2B2 /* Frameworks */,
				B00903E91F7099E10086F2B2 /* Resources */,
				7DBAEE245E41D697E7996F96 /* [CP] Embed Pods Frameworks */,
				A699E7642407C2B125F0DB9F /* [CP] Copy Pods Resources */,
			);
			buildRules = (
			);
			dependencies = (
			);
			name = "ios-game";
			productName = "ios-game";
			productReference = B00903EB1F7099E10086F2B2 /* ios-game.app */;
			productType = "com.apple.product-type.application";
		};
		B00904011F7099E20086F2B2 /* ios-gameTests */ = {
			isa = PBXNativeTarget;
			buildConfigurationList = B009040E1F7099E20086F2B2 /* Build configuration list for PBXNativeTarget "ios-gameTests" */;
			buildPhases = (
				60AFFF883F1C520119D9224C /* [CP] Check Pods Manifest.lock */,
				B00903FE1F7099E20086F2B2 /* Sources */,
				B00903FF1F7099E20086F2B2 /* Frameworks */,
				B00904001F7099E20086F2B2 /* Resources */,
				B3B39A2D9086871BD42C7C3B /* [CP] Embed Pods Frameworks */,
				B8C52557DA9C6615E4E4DF91 /* [CP] Copy Pods Resources */,
			);
			buildRules = (
			);
			dependencies = (
				B00904041F7099E20086F2B2 /* PBXTargetDependency */,
			);
			name = "ios-gameTests";
			productName = "ios-gameTests";
			productReference = B00904021F7099E20086F2B2 /* ios-gameTests.xctest */;
			productType = "com.apple.product-type.bundle.unit-test";
		};
/* End PBXNativeTarget section */

/* Begin PBXProject section */
		B00903E31F7099E10086F2B2 /* Project object */ = {
			isa = PBXProject;
			attributes = {
				LastSwiftUpdateCheck = 0830;
				LastUpgradeCheck = 0830;
				ORGANIZATIONNAME = "Lucas de Oliveira Reis";
				TargetAttributes = {
					B00903EA1F7099E10086F2B2 = {
						CreatedOnToolsVersion = 8.3.3;
						ProvisioningStyle = Automatic;
					};
					B00904011F7099E20086F2B2 = {
						CreatedOnToolsVersion = 8.3.3;
						ProvisioningStyle = Automatic;
						TestTargetID = B00903EA1F7099E10086F2B2;
					};
				};
			};
			buildConfigurationList = B00903E61F7099E10086F2B2 /* Build configuration list for PBXProject "ios-game" */;
			compatibilityVersion = "Xcode 3.2";
			developmentRegion = English;
			hasScannedForEncodings = 0;
			knownRegions = (
				en,
				Base,
			);
			mainGroup = B00903E21F7099E10086F2B2;
			productRefGroup = B00903EC1F7099E10086F2B2 /* Products */;
			projectDirPath = "";
			projectRoot = "";
			targets = (
				B00903EA1F7099E10086F2B2 /* ios-game */,
				B00904011F7099E20086F2B2 /* ios-gameTests */,
			);
		};
/* End PBXProject section */

/* Begin PBXResourcesBuildPhase section */
		B00903E91F7099E10086F2B2 /* Resources */ = {
			isa = PBXResourcesBuildPhase;
			buildActionMask = 2147483647;
			files = (
				B00903FC1F7099E20086F2B2 /* LaunchScreen.storyboard in Resources */,
				B00904121F709BFA0086F2B2 /* GoogleService-Info.plist in Resources */,
				B00903F91F7099E10086F2B2 /* Assets.xcassets in Resources */,
				B00903F41F7099E10086F2B2 /* Main.storyboard in Resources */,
			);
			runOnlyForDeploymentPostprocessing = 0;
		};
		B00904001F7099E20086F2B2 /* Resources */ = {
			isa = PBXResourcesBuildPhase;
			buildActionMask = 2147483647;
			files = (
			);
			runOnlyForDeploymentPostprocessing = 0;
		};
/* End PBXResourcesBuildPhase section */

/* Begin PBXShellScriptBuildPhase section */
		41E33D74BA31C1E5A07848F0 /* [CP] Check Pods Manifest.lock */ = {
			isa = PBXShellScriptBuildPhase;
			buildActionMask = 2147483647;
			files = (
			);
			inputPaths = (
				"${PODS_PODFILE_DIR_PATH}/Podfile.lock",
				"${PODS_ROOT}/Manifest.lock",
			);
			name = "[CP] Check Pods Manifest.lock";
			outputPaths = (
				"$(DERIVED_FILE_DIR)/Pods-ios-game-checkManifestLockResult.txt",
			);
			runOnlyForDeploymentPostprocessing = 0;
			shellPath = /bin/sh;
			shellScript = "diff \"${PODS_PODFILE_DIR_PATH}/Podfile.lock\" \"${PODS_ROOT}/Manifest.lock\" > /dev/null\nif [ $? != 0 ] ; then\n    # print error to STDERR\n    echo \"error: The sandbox is not in sync with the Podfile.lock. Run 'pod install' or update your CocoaPods installation.\" >&2\n    exit 1\nfi\n# This output is used by Xcode 'outputs' to avoid re-running this script phase.\necho \"SUCCESS\" > \"${SCRIPT_OUTPUT_FILE_0}\"\n";
			showEnvVarsInLog = 0;
		};
		60AFFF883F1C520119D9224C /* [CP] Check Pods Manifest.lock */ = {
			isa = PBXShellScriptBuildPhase;
			buildActionMask = 2147483647;
			files = (
			);
			inputPaths = (
				"${PODS_PODFILE_DIR_PATH}/Podfile.lock",
				"${PODS_ROOT}/Manifest.lock",
			);
			name = "[CP] Check Pods Manifest.lock";
			outputPaths = (
				"$(DERIVED_FILE_DIR)/Pods-ios-gameTests-checkManifestLockResult.txt",
			);
			runOnlyForDeploymentPostprocessing = 0;
			shellPath = /bin/sh;
			shellScript = "diff \"${PODS_PODFILE_DIR_PATH}/Podfile.lock\" \"${PODS_ROOT}/Manifest.lock\" > /dev/null\nif [ $? != 0 ] ; then\n    # print error to STDERR\n    echo \"error: The sandbox is not in sync with the Podfile.lock. Run 'pod install' or update your CocoaPods installation.\" >&2\n    exit 1\nfi\n# This output is used by Xcode 'outputs' to avoid re-running this script phase.\necho \"SUCCESS\" > \"${SCRIPT_OUTPUT_FILE_0}\"\n";
			showEnvVarsInLog = 0;
		};
		7DBAEE245E41D697E7996F96 /* [CP] Embed Pods Frameworks */ = {
			isa = PBXShellScriptBuildPhase;
			buildActionMask = 2147483647;
			files = (
			);
			inputPaths = (
				"${SRCROOT}/Pods/Target Support Files/Pods-ios-game/Pods-ios-game-frameworks.sh",
				"${BUILT_PRODUCTS_DIR}/GTMOAuth2/GTMOAuth2.framework",
				"${BUILT_PRODUCTS_DIR}/GTMSessionFetcher/GTMSessionFetcher.framework",
				"${BUILT_PRODUCTS_DIR}/GoogleToolboxForMac/GoogleToolboxForMac.framework",
				"${BUILT_PRODUCTS_DIR}/leveldb-library/leveldb.framework",
				"${BUILT_PRODUCTS_DIR}/nanopb/nanopb.framework",
			);
			name = "[CP] Embed Pods Frameworks";
			outputPaths = (
				"${TARGET_BUILD_DIR}/${FRAMEWORKS_FOLDER_PATH}/GTMOAuth2.framework",
				"${TARGET_BUILD_DIR}/${FRAMEWORKS_FOLDER_PATH}/GTMSessionFetcher.framework",
				"${TARGET_BUILD_DIR}/${FRAMEWORKS_FOLDER_PATH}/GoogleToolboxForMac.framework",
				"${TARGET_BUILD_DIR}/${FRAMEWORKS_FOLDER_PATH}/leveldb.framework",
				"${TARGET_BUILD_DIR}/${FRAMEWORKS_FOLDER_PATH}/nanopb.framework",
			);
			runOnlyForDeploymentPostprocessing = 0;
			shellPath = /bin/sh;
			shellScript = "\"${SRCROOT}/Pods/Target Support Files/Pods-ios-game/Pods-ios-game-frameworks.sh\"\n";
			showEnvVarsInLog = 0;
		};
		A699E7642407C2B125F0DB9F /* [CP] Copy Pods Resources */ = {
			isa = PBXShellScriptBuildPhase;
			buildActionMask = 2147483647;
			files = (
			);
			inputPaths = (
				"${SRCROOT}/Pods/Target Support Files/Pods-ios-game/Pods-ios-game-resources.sh",
				"${PODS_ROOT}/GoogleSignIn/Resources/GoogleSignIn.bundle",
			);
			name = "[CP] Copy Pods Resources";
			outputPaths = (
				"${TARGET_BUILD_DIR}/${UNLOCALIZED_RESOURCES_FOLDER_PATH}",
			);
			runOnlyForDeploymentPostprocessing = 0;
			shellPath = /bin/sh;
			shellScript = "\"${SRCROOT}/Pods/Target Support Files/Pods-ios-game/Pods-ios-game-resources.sh\"\n";
			showEnvVarsInLog = 0;
		};
		B3B39A2D9086871BD42C7C3B /* [CP] Embed Pods Frameworks */ = {
			isa = PBXShellScriptBuildPhase;
			buildActionMask = 2147483647;
			files = (
			);
			inputPaths = (
			);
			name = "[CP] Embed Pods Frameworks";
			outputPaths = (
			);
			runOnlyForDeploymentPostprocessing = 0;
			shellPath = /bin/sh;
			shellScript = "\"${SRCROOT}/Pods/Target Support Files/Pods-ios-gameTests/Pods-ios-gameTests-frameworks.sh\"\n";
			showEnvVarsInLog = 0;
		};
		B8C52557DA9C6615E4E4DF91 /* [CP] Copy Pods Resources */ = {
			isa = PBXShellScriptBuildPhase;
			buildActionMask = 2147483647;
			files = (
			);
			inputPaths = (
			);
			name = "[CP] Copy Pods Resources";
			outputPaths = (
			);
			runOnlyForDeploymentPostprocessing = 0;
			shellPath = /bin/sh;
			shellScript = "\"${SRCROOT}/Pods/Target Support Files/Pods-ios-gameTests/Pods-ios-gameTests-resources.sh\"\n";
			showEnvVarsInLog = 0;
		};
/* End PBXShellScriptBuildPhase section */

/* Begin PBXSourcesBuildPhase section */
		B00903E71F7099E10086F2B2 /* Sources */ = {
			isa = PBXSourcesBuildPhase;
			buildActionMask = 2147483647;
			files = (
				B08BC6D51F70B10100A6EA1D /* LoginController.swift in Sources */,
				B08BC6D71F70BB0700A6EA1D /* GamesListController.swift in Sources */,
				B00903EF1F7099E10086F2B2 /* AppDelegate.swift in Sources */,
				B00903F71F7099E10086F2B2 /* ios_game.xcdatamodeld in Sources */,
			);
			runOnlyForDeploymentPostprocessing = 0;
		};
		B00903FE1F7099E20086F2B2 /* Sources */ = {
			isa = PBXSourcesBuildPhase;
			buildActionMask = 2147483647;
			files = (
				B00904071F7099E20086F2B2 /* ios_gameTests.swift in Sources */,
			);
			runOnlyForDeploymentPostprocessing = 0;
		};
/* End PBXSourcesBuildPhase section */

/* Begin PBXTargetDependency section */
		B00904041F7099E20086F2B2 /* PBXTargetDependency */ = {
			isa = PBXTargetDependency;
			target = B00903EA1F7099E10086F2B2 /* ios-game */;
			targetProxy = B00904031F7099E20086F2B2 /* PBXContainerItemProxy */;
		};
/* End PBXTargetDependency section */

/* Begin PBXVariantGroup section */
		B00903F21F7099E10086F2B2 /* Main.storyboard */ = {
			isa = PBXVariantGroup;
			children = (
				B00903F31F7099E10086F2B2 /* Base */,
			);
			name = Main.storyboard;
			sourceTree = "<group>";
		};
		B00903FA1F7099E20086F2B2 /* LaunchScreen.storyboard */ = {
			isa = PBXVariantGroup;
			children = (
				B00903FB1F7099E20086F2B2 /* Base */,
			);
			name = LaunchScreen.storyboard;
			sourceTree = "<group>";
		};
/* End PBXVariantGroup section */

/* Begin XCBuildConfiguration section */
		B00904091F7099E20086F2B2 /* Debug */ = {
			isa = XCBuildConfiguration;
			buildSettings = {
				ALWAYS_SEARCH_USER_PATHS = NO;
				CLANG_ANALYZER_NONNULL = YES;
				CLANG_ANALYZER_NUMBER_OBJECT_CONVERSION = YES_AGGRESSIVE;
				CLANG_CXX_LANGUAGE_STANDARD = "gnu++0x";
				CLANG_CXX_LIBRARY = "libc++";
				CLANG_ENABLE_MODULES = YES;
				CLANG_ENABLE_OBJC_ARC = YES;
				CLANG_WARN_BOOL_CONVERSION = YES;
				CLANG_WARN_CONSTANT_CONVERSION = YES;
				CLANG_WARN_DIRECT_OBJC_ISA_USAGE = YES_ERROR;
				CLANG_WARN_DOCUMENTATION_COMMENTS = YES;
				CLANG_WARN_EMPTY_BODY = YES;
				CLANG_WARN_ENUM_CONVERSION = YES;
				CLANG_WARN_INFINITE_RECURSION = YES;
				CLANG_WARN_INT_CONVERSION = YES;
				CLANG_WARN_OBJC_ROOT_CLASS = YES_ERROR;
				CLANG_WARN_SUSPICIOUS_MOVE = YES;
				CLANG_WARN_UNREACHABLE_CODE = YES;
				CLANG_WARN__DUPLICATE_METHOD_MATCH = YES;
				"CODE_SIGN_IDENTITY[sdk=iphoneos*]" = "iPhone Developer";
				COPY_PHASE_STRIP = NO;
				DEBUG_INFORMATION_FORMAT = dwarf;
				ENABLE_STRICT_OBJC_MSGSEND = YES;
				ENABLE_TESTABILITY = YES;
				GCC_C_LANGUAGE_STANDARD = gnu99;
				GCC_DYNAMIC_NO_PIC = NO;
				GCC_NO_COMMON_BLOCKS = YES;
				GCC_OPTIMIZATION_LEVEL = 0;
				GCC_PREPROCESSOR_DEFINITIONS = (
					"DEBUG=1",
					"$(inherited)",
				);
				GCC_WARN_64_TO_32_BIT_CONVERSION = YES;
				GCC_WARN_ABOUT_RETURN_TYPE = YES_ERROR;
				GCC_WARN_UNDECLARED_SELECTOR = YES;
				GCC_WARN_UNINITIALIZED_AUTOS = YES_AGGRESSIVE;
				GCC_WARN_UNUSED_FUNCTION = YES;
				GCC_WARN_UNUSED_VARIABLE = YES;
				IPHONEOS_DEPLOYMENT_TARGET = 10.3;
				MTL_ENABLE_DEBUG_INFO = YES;
				ONLY_ACTIVE_ARCH = YES;
				SDKROOT = iphoneos;
				SWIFT_ACTIVE_COMPILATION_CONDITIONS = DEBUG;
				SWIFT_OPTIMIZATION_LEVEL = "-Onone";
				TARGETED_DEVICE_FAMILY = "1,2";
			};
			name = Debug;
		};
		B009040A1F7099E20086F2B2 /* Release */ = {
			isa = XCBuildConfiguration;
			buildSettings = {
				ALWAYS_SEARCH_USER_PATHS = NO;
				CLANG_ANALYZER_NONNULL = YES;
				CLANG_ANALYZER_NUMBER_OBJECT_CONVERSION = YES_AGGRESSIVE;
				CLANG_CXX_LANGUAGE_STANDARD = "gnu++0x";
				CLANG_CXX_LIBRARY = "libc++";
				CLANG_ENABLE_MODULES = YES;
				CLANG_ENABLE_OBJC_ARC = YES;
				CLANG_WARN_BOOL_CONVERSION = YES;
				CLANG_WARN_CONSTANT_CONVERSION = YES;
				CLANG_WARN_DIRECT_OBJC_ISA_USAGE = YES_ERROR;
				CLANG_WARN_DOCUMENTATION_COMMENTS = YES;
				CLANG_WARN_EMPTY_BODY = YES;
				CLANG_WARN_ENUM_CONVERSION = YES;
				CLANG_WARN_INFINITE_RECURSION = YES;
				CLANG_WARN_INT_CONVERSION = YES;
				CLANG_WARN_OBJC_ROOT_CLASS = YES_ERROR;
				CLANG_WARN_SUSPICIOUS_MOVE = YES;
				CLANG_WARN_UNREACHABLE_CODE = YES;
				CLANG_WARN__DUPLICATE_METHOD_MATCH = YES;
				"CODE_SIGN_IDENTITY[sdk=iphoneos*]" = "iPhone Developer";
				COPY_PHASE_STRIP = NO;
				DEBUG_INFORMATION_FORMAT = "dwarf-with-dsym";
				ENABLE_NS_ASSERTIONS = NO;
				ENABLE_STRICT_OBJC_MSGSEND = YES;
				GCC_C_LANGUAGE_STANDARD = gnu99;
				GCC_NO_COMMON_BLOCKS = YES;
				GCC_WARN_64_TO_32_BIT_CONVERSION = YES;
				GCC_WARN_ABOUT_RETURN_TYPE = YES_ERROR;
				GCC_WARN_UNDECLARED_SELECTOR = YES;
				GCC_WARN_UNINITIALIZED_AUTOS = YES_AGGRESSIVE;
				GCC_WARN_UNUSED_FUNCTION = YES;
				GCC_WARN_UNUSED_VARIABLE = YES;
				IPHONEOS_DEPLOYMENT_TARGET = 10.3;
				MTL_ENABLE_DEBUG_INFO = NO;
				SDKROOT = iphoneos;
				SWIFT_OPTIMIZATION_LEVEL = "-Owholemodule";
				TARGETED_DEVICE_FAMILY = "1,2";
				VALIDATE_PRODUCT = YES;
			};
			name = Release;
		};
		B009040C1F7099E20086F2B2 /* Debug */ = {
			isa = XCBuildConfiguration;
			baseConfigurationReference = CF84C4851CF4A49D847A86C8 /* Pods-ios-game.debug.xcconfig */;
			buildSettings = {
				ASSETCATALOG_COMPILER_APPICON_NAME = AppIcon;
				INFOPLIST_FILE = "ios-game/Info.plist";
				LD_RUNPATH_SEARCH_PATHS = "$(inherited) @executable_path/Frameworks";
				PRODUCT_BUNDLE_IDENTIFIER = "com.infnet.ios-game";
				PRODUCT_NAME = "$(TARGET_NAME)";
				SWIFT_VERSION = 3.0;
			};
			name = Debug;
		};
		B009040D1F7099E20086F2B2 /* Release */ = {
			isa = XCBuildConfiguration;
			baseConfigurationReference = 249C537A3928FBD661F9F4B8 /* Pods-ios-game.release.xcconfig */;
			buildSettings = {
				ASSETCATALOG_COMPILER_APPICON_NAME = AppIcon;
				INFOPLIST_FILE = "ios-game/Info.plist";
				LD_RUNPATH_SEARCH_PATHS = "$(inherited) @executable_path/Frameworks";
				PRODUCT_BUNDLE_IDENTIFIER = "com.infnet.ios-game";
				PRODUCT_NAME = "$(TARGET_NAME)";
				SWIFT_VERSION = 3.0;
			};
			name = Release;
		};
		B009040F1F7099E20086F2B2 /* Debug */ = {
			isa = XCBuildConfiguration;
			baseConfigurationReference = 0BDE226FB1BCAF93016BD325 /* Pods-ios-gameTests.debug.xcconfig */;
			buildSettings = {
				ALWAYS_EMBED_SWIFT_STANDARD_LIBRARIES = YES;
				BUNDLE_LOADER = "$(TEST_HOST)";
				INFOPLIST_FILE = "ios-gameTests/Info.plist";
				LD_RUNPATH_SEARCH_PATHS = "$(inherited) @executable_path/Frameworks @loader_path/Frameworks";
				PRODUCT_BUNDLE_IDENTIFIER = "com.infnet.ios-gameTests";
				PRODUCT_NAME = "$(TARGET_NAME)";
				SWIFT_VERSION = 3.0;
				TEST_HOST = "$(BUILT_PRODUCTS_DIR)/ios-game.app/ios-game";
			};
			name = Debug;
		};
		B00904101F7099E20086F2B2 /* Release */ = {
			isa = XCBuildConfiguration;
			baseConfigurationReference = BD7D9E47C955596D85E24032 /* Pods-ios-gameTests.release.xcconfig */;
			buildSettings = {
				ALWAYS_EMBED_SWIFT_STANDARD_LIBRARIES = YES;
				BUNDLE_LOADER = "$(TEST_HOST)";
				INFOPLIST_FILE = "ios-gameTests/Info.plist";
				LD_RUNPATH_SEARCH_PATHS = "$(inherited) @executable_path/Frameworks @loader_path/Frameworks";
				PRODUCT_BUNDLE_IDENTIFIER = "com.infnet.ios-gameTests";
				PRODUCT_NAME = "$(TARGET_NAME)";
				SWIFT_VERSION = 3.0;
				TEST_HOST = "$(BUILT_PRODUCTS_DIR)/ios-game.app/ios-game";
			};
			name = Release;
		};
/* End XCBuildConfiguration section */

/* Begin XCConfigurationList section */
		B00903E61F7099E10086F2B2 /* Build configuration list for PBXProject "ios-game" */ = {
			isa = XCConfigurationList;
			buildConfigurations = (
				B00904091F7099E20086F2B2 /* Debug */,
				B009040A1F7099E20086F2B2 /* Release */,
			);
			defaultConfigurationIsVisible = 0;
			defaultConfigurationName = Release;
		};
		B009040B1F7099E20086F2B2 /* Build configuration list for PBXNativeTarget "ios-game" */ = {
			isa = XCConfigurationList;
			buildConfigurations = (
				B009040C1F7099E20086F2B2 /* Debug */,
				B009040D1F7099E20086F2B2 /* Release */,
			);
			defaultConfigurationIsVisible = 0;
			defaultConfigurationName = Release;
		};
		B009040E1F7099E20086F2B2 /* Build configuration list for PBXNativeTarget "ios-gameTests" */ = {
			isa = XCConfigurationList;
			buildConfigurations = (
				B009040F1F7099E20086F2B2 /* Debug */,
				B00904101F7099E20086F2B2 /* Release */,
			);
			defaultConfigurationIsVisible = 0;
			defaultConfigurationName = Release;
		};
/* End XCConfigurationList section */

/* Begin XCVersionGroup section */
		B00903F51F7099E10086F2B2 /* ios_game.xcdatamodeld */ = {
			isa = XCVersionGroup;
			children = (
				B00903F61F7099E10086F2B2 /* ios_game.xcdatamodel */,
			);
			currentVersion = B00903F61F7099E10086F2B2 /* ios_game.xcdatamodel */;
			path = ios_game.xcdatamodeld;
			sourceTree = "<group>";
			versionGroupType = wrapper.xcdatamodel;
		};
/* End XCVersionGroup section */
	};
	rootObject = B00903E31F7099E10086F2B2 /* Project object */;
}
